# This file is automatically @generated by Wally.
# It is not intended for manual editing.
registry = "test"

[[package]]
name = "nrobloxs/basicsignal"
version = "0.1.8"
dependencies = []

[[package]]
name = "nrobloxs/basicstore"
version = "0.1.0"
dependencies = [["BasicSignal", "nrobloxs/basicsignal@0.1.8"]]
